
Microsoft Visual Studio Solution File, Format Version 12.00
# Visual Studio Version 17
VisualStudioVersion = 17.11.35327.3
MinimumVisualStudioVersion = 10.0.40219.1
Project("{9A19103F-16F7-4668-BE54-9A1E7A4F7556}") = "lista_01", "lista_01\lista_01.csproj", "{9A7935FF-B055-422C-B32A-F073A50014B7}"
EndProject
Project("{9A19103F-16F7-4668-BE54-9A1E7A4F7556}") = "lista_02", "lista_02\lista_02.csproj", "{314578FA-2E53-41E4-BDAB-A625D40F0AE3}"
EndProject
Project("{9A19103F-16F7-4668-BE54-9A1E7A4F7556}") = "lista_03", "lista_03\lista_03.csproj", "{A6249AAA-3FD6-4E15-B904-582652A6A975}"
EndProject
Project("{9A19103F-16F7-4668-BE54-9A1E7A4F7556}") = "lista_04", "lista_04\lista_04.csproj", "{872C26AC-F00F-4D59-8591-2AC08ECF4F01}"
EndProject
Project("{9A19103F-16F7-4668-BE54-9A1E7A4F7556}") = "lista_05", "lista_05\lista_05.csproj", "{178B7C18-84D8-47D1-83F6-E59271AA9639}"
EndProject
Project("{9A19103F-16F7-4668-BE54-9A1E7A4F7556}") = "lista_06", "lista_06\lista_06.csproj", "{089A3608-1D94-4D8B-AE77-D8E917DC2F55}"
EndProject
Project("{9A19103F-16F7-4668-BE54-9A1E7A4F7556}") = "lista_07", "lista_07\lista_07.csproj", "{117C62DB-AF6B-4558-A516-2C0AA9BBB940}"
EndProject
Project("{9A19103F-16F7-4668-BE54-9A1E7A4F7556}") = "lista_08", "lista_08\lista_08.csproj", "{27F9FF25-CAFE-4F79-889D-D51D0008207B}"
EndProject
Project("{9A19103F-16F7-4668-BE54-9A1E7A4F7556}") = "lista_09", "lista_09\lista_09.csproj", "{FC6A2B47-62E1-4B18-A47C-7A6367F15ABD}"
EndProject
Project("{9A19103F-16F7-4668-BE54-9A1E7A4F7556}") = "lista_10", "lista_10\lista_10.csproj", "{B1F95B86-0C4C-4E34-A362-F28EB9C3A5BD}"
EndProject
Project("{9A19103F-16F7-4668-BE54-9A1E7A4F7556}") = "lista_11", "lista_11\lista_11.csproj", "{4B6D0F17-7C06-4315-8D14-67CD33B38981}"
EndProject
Project("{FAE04EC0-301F-11D3-BF4B-00C04F79EFBC}") = "teste_gitbub", "teste_gitbub\teste_gitbub.csproj", "{B0AE6C78-3DB5-43BD-859F-0989EFD6FC7D}"
EndProject
Global
	GlobalSection(SolutionConfigurationPlatforms) = preSolution
		Debug|Any CPU = Debug|Any CPU
		Release|Any CPU = Release|Any CPU
	EndGlobalSection
	GlobalSection(ProjectConfigurationPlatforms) = postSolution
		{9A7935FF-B055-422C-B32A-F073A50014B7}.Debug|Any CPU.ActiveCfg = Debug|Any CPU
		{9A7935FF-B055-422C-B32A-F073A50014B7}.Debug|Any CPU.Build.0 = Debug|Any CPU
		{9A7935FF-B055-422C-B32A-F073A50014B7}.Release|Any CPU.ActiveCfg = Release|Any CPU
		{9A7935FF-B055-422C-B32A-F073A50014B7}.Release|Any CPU.Build.0 = Release|Any CPU
		{314578FA-2E53-41E4-BDAB-A625D40F0AE3}.Debug|Any CPU.ActiveCfg = Debug|Any CPU
		{314578FA-2E53-41E4-BDAB-A625D40F0AE3}.Debug|Any CPU.Build.0 = Debug|Any CPU
		{314578FA-2E53-41E4-BDAB-A625D40F0AE3}.Release|Any CPU.ActiveCfg = Release|Any CPU
		{314578FA-2E53-41E4-BDAB-A625D40F0AE3}.Release|Any CPU.Build.0 = Release|Any CPU
		{A6249AAA-3FD6-4E15-B904-582652A6A975}.Debug|Any CPU.ActiveCfg = Debug|Any CPU
		{A6249AAA-3FD6-4E15-B904-582652A6A975}.Debug|Any CPU.Build.0 = Debug|Any CPU
		{A6249AAA-3FD6-4E15-B904-582652A6A975}.Release|Any CPU.ActiveCfg = Release|Any CPU
		{A6249AAA-3FD6-4E15-B904-582652A6A975}.Release|Any CPU.Build.0 = Release|Any CPU
		{872C26AC-F00F-4D59-8591-2AC08ECF4F01}.Debug|Any CPU.ActiveCfg = Debug|Any CPU
		{872C26AC-F00F-4D59-8591-2AC08ECF4F01}.Debug|Any CPU.Build.0 = Debug|Any CPU
		{872C26AC-F00F-4D59-8591-2AC08ECF4F01}.Release|Any CPU.ActiveCfg = Release|Any CPU
		{872C26AC-F00F-4D59-8591-2AC08ECF4F01}.Release|Any CPU.Build.0 = Release|Any CPU
		{178B7C18-84D8-47D1-83F6-E59271AA9639}.Debug|Any CPU.ActiveCfg = Debug|Any CPU
		{178B7C18-84D8-47D1-83F6-E59271AA9639}.Debug|Any CPU.Build.0 = Debug|Any CPU
		{178B7C18-84D8-47D1-83F6-E59271AA9639}.Release|Any CPU.ActiveCfg = Release|Any CPU
		{178B7C18-84D8-47D1-83F6-E59271AA9639}.Release|Any CPU.Build.0 = Release|Any CPU
		{089A3608-1D94-4D8B-AE77-D8E917DC2F55}.Debug|Any CPU.ActiveCfg = Debug|Any CPU
		{089A3608-1D94-4D8B-AE77-D8E917DC2F55}.Debug|Any CPU.Build.0 = Debug|Any CPU
		{089A3608-1D94-4D8B-AE77-D8E917DC2F55}.Release|Any CPU.ActiveCfg = Release|Any CPU
		{089A3608-1D94-4D8B-AE77-D8E917DC2F55}.Release|Any CPU.Build.0 = Release|Any CPU
		{117C62DB-AF6B-4558-A516-2C0AA9BBB940}.Debug|Any CPU.ActiveCfg = Debug|Any CPU
		{117C62DB-AF6B-4558-A516-2C0AA9BBB940}.Debug|Any CPU.Build.0 = Debug|Any CPU
		{117C62DB-AF6B-4558-A516-2C0AA9BBB940}.Release|Any CPU.ActiveCfg = Release|Any CPU
		{117C62DB-AF6B-4558-A516-2C0AA9BBB940}.Release|Any CPU.Build.0 = Release|Any CPU
		{27F9FF25-CAFE-4F79-889D-D51D0008207B}.Debug|Any CPU.ActiveCfg = Debug|Any CPU
		{27F9FF25-CAFE-4F79-889D-D51D0008207B}.Debug|Any CPU.Build.0 = Debug|Any CPU
		{27F9FF25-CAFE-4F79-889D-D51D0008207B}.Release|Any CPU.ActiveCfg = Release|Any CPU
		{27F9FF25-CAFE-4F79-889D-D51D0008207B}.Release|Any CPU.Build.0 = Release|Any CPU
		{FC6A2B47-62E1-4B18-A47C-7A6367F15ABD}.Debug|Any CPU.ActiveCfg = Debug|Any CPU
		{FC6A2B47-62E1-4B18-A47C-7A6367F15ABD}.Debug|Any CPU.Build.0 = Debug|Any CPU
		{FC6A2B47-62E1-4B18-A47C-7A6367F15ABD}.Release|Any CPU.ActiveCfg = Release|Any CPU
		{FC6A2B47-62E1-4B18-A47C-7A6367F15ABD}.Release|Any CPU.Build.0 = Release|Any CPU
		{B1F95B86-0C4C-4E34-A362-F28EB9C3A5BD}.Debug|Any CPU.ActiveCfg = Debug|Any CPU
		{B1F95B86-0C4C-4E34-A362-F28EB9C3A5BD}.Debug|Any CPU.Build.0 = Debug|Any CPU
		{B1F95B86-0C4C-4E34-A362-F28EB9C3A5BD}.Release|Any CPU.ActiveCfg = Release|Any CPU
		{B1F95B86-0C4C-4E34-A362-F28EB9C3A5BD}.Release|Any CPU.Build.0 = Release|Any CPU
		{4B6D0F17-7C06-4315-8D14-67CD33B38981}.Debug|Any CPU.ActiveCfg = Debug|Any CPU
		{4B6D0F17-7C06-4315-8D14-67CD33B38981}.Debug|Any CPU.Build.0 = Debug|Any CPU
		{4B6D0F17-7C06-4315-8D14-67CD33B38981}.Release|Any CPU.ActiveCfg = Release|Any CPU
		{4B6D0F17-7C06-4315-8D14-67CD33B38981}.Release|Any CPU.Build.0 = Release|Any CPU
		{B0AE6C78-3DB5-43BD-859F-0989EFD6FC7D}.Debug|Any CPU.ActiveCfg = Debug|Any CPU
		{B0AE6C78-3DB5-43BD-859F-0989EFD6FC7D}.Debug|Any CPU.Build.0 = Debug|Any CPU
		{B0AE6C78-3DB5-43BD-859F-0989EFD6FC7D}.Release|Any CPU.ActiveCfg = Release|Any CPU
		{B0AE6C78-3DB5-43BD-859F-0989EFD6FC7D}.Release|Any CPU.Build.0 = Release|Any CPU
	EndGlobalSection
	GlobalSection(SolutionProperties) = preSolution
		HideSolutionNode = FALSE
	EndGlobalSection
	GlobalSection(ExtensibilityGlobals) = postSolution
		SolutionGuid = {8BBF86ED-4E6D-433E-B844-A28B66DEF736}
	EndGlobalSection
EndGlobal
